
Microsoft Visual Studio Solution File, Format Version 12.00
# Visual Studio Version 17
VisualStudioVersion = 17.9.34723.18
MinimumVisualStudioVersion = 10.0.40219.1
Project("{9A19103F-16F7-4668-BE54-9A1E7A4F7556}") = "FashionDataAnalysisPlatform", "FashionDataAnalysisPlatform.csproj", "{7C38B580-5FCE-4953-B9EF-41908E03955E}"
EndProject
Global
	GlobalSection(SolutionConfigurationPlatforms) = preSolution
		Debug|Any CPU = Debug|Any CPU
		Release|Any CPU = Release|Any CPU
	EndGlobalSection
	GlobalSection(ProjectConfigurationPlatforms) = postSolution
		{7C38B580-5FCE-4953-B9EF-41908E03955E}.Debug|Any CPU.ActiveCfg = Debug|Any CPU
		{7C38B580-5FCE-4953-B9EF-41908E03955E}.Debug|Any CPU.Build.0 = Debug|Any CPU
		{7C38B580-5FCE-4953-B9EF-41908E03955E}.Release|Any CPU.ActiveCfg = Release|Any CPU
		{7C38B580-5FCE-4953-B9EF-41908E03955E}.Release|Any CPU.Build.0 = Release|Any CPU
	EndGlobalSection
	GlobalSection(SolutionProperties) = preSolution
		HideSolutionNode = FALSE
	EndGlobalSection
	GlobalSection(ExtensibilityGlobals) = postSolution
		SolutionGuid = {8A16422F-09CB-4E5E-8640-EE23E98D64AF}
	EndGlobalSection
EndGlobal
